
Microsoft Visual Studio Solution File, Format Version 12.00
# Visual Studio 15
VisualStudioVersion = 15.0.28307.645
MinimumVisualStudioVersion = 10.0.40219.1
Project("{FAE04EC0-301F-11D3-BF4B-00C04F79EFBC}") = "MobileShopManagementSystem", "MobileShopManagementSystem\MobileShopManagementSystem.csproj", "{931A5CE7-FAA1-4D51-92B2-B50B38AF28ED}"
EndProject
Global
	GlobalSection(SolutionConfigurationPlatforms) = preSolution
		Debug|Any CPU = Debug|Any CPU
		Release|Any CPU = Release|Any CPU
	EndGlobalSection
	GlobalSection(ProjectConfigurationPlatforms) = postSolution
		{931A5CE7-FAA1-4D51-92B2-B50B38AF28ED}.Debug|Any CPU.ActiveCfg = Debug|Any CPU
		{931A5CE7-FAA1-4D51-92B2-B50B38AF28ED}.Debug|Any CPU.Build.0 = Debug|Any CPU
		{931A5CE7-FAA1-4D51-92B2-B50B38AF28ED}.Release|Any CPU.ActiveCfg = Release|Any CPU
		{931A5CE7-FAA1-4D51-92B2-B50B38AF28ED}.Release|Any CPU.Build.0 = Release|Any CPU
	EndGlobalSection
	GlobalSection(SolutionProperties) = preSolution
		HideSolutionNode = FALSE
	EndGlobalSection
	GlobalSection(ExtensibilityGlobals) = postSolution
		SolutionGuid = {6254D377-B473-4740-8D5A-1805259BE217}
	EndGlobalSection
EndGlobal
